// !$*UTF8*$!
{
	archiveVersion = 1;
	classes = {
	};
	objectVersion = 56;
	objects = {

/* Begin PBXBuildFile section */
		DF628EE029E5F2F200534733 /* AppDelegate.swift in Sources */ = {isa = PBXBuildFile; fileRef = DF628EDF29E5F2F200534733 /* AppDelegate.swift */; };
		DF628EE229E5F2F200534733 /* SceneDelegate.swift in Sources */ = {isa = PBXBuildFile; fileRef = DF628EE129E5F2F200534733 /* SceneDelegate.swift */; };
		DF628EE429E5F2F200534733 /* LoginVC.swift in Sources */ = {isa = PBXBuildFile; fileRef = DF628EE329E5F2F200534733 /* LoginVC.swift */; };
		DF628EE929E5F2F400534733 /* Assets.xcassets in Resources */ = {isa = PBXBuildFile; fileRef = DF628EE829E5F2F400534733 /* Assets.xcassets */; };
		DF628EEC29E5F2F400534733 /* LaunchScreen.storyboard in Resources */ = {isa = PBXBuildFile; fileRef = DF628EEA29E5F2F400534733 /* LaunchScreen.storyboard */; };
		DF9BD10D2A00602400FD9299 /* GoogleService-Info.plist in Resources */ = {isa = PBXBuildFile; fileRef = DF9BD10C2A00602400FD9299 /* GoogleService-Info.plist */; };
		DF9BD1102A0061EA00FD9299 /* FirebaseAuth in Frameworks */ = {isa = PBXBuildFile; productRef = DF9BD10F2A0061EA00FD9299 /* FirebaseAuth */; };
		DF9BD1122A0061EA00FD9299 /* FirebaseCrashlytics in Frameworks */ = {isa = PBXBuildFile; productRef = DF9BD1112A0061EA00FD9299 /* FirebaseCrashlytics */; };
		DF9BD1162A007E8A00FD9299 /* UIViewController+Extension.swift in Sources */ = {isa = PBXBuildFile; fileRef = DF9BD1152A007E8A00FD9299 /* UIViewController+Extension.swift */; };
		DF9BD1182A00848F00FD9299 /* String+Extension.swift in Sources */ = {isa = PBXBuildFile; fileRef = DF9BD1172A00848F00FD9299 /* String+Extension.swift */; };
		DFA7E0132A01D433003B2EEC /* AlertController.swift in Sources */ = {isa = PBXBuildFile; fileRef = DFA7E0122A01D433003B2EEC /* AlertController.swift */; };
		DFB0BDC429E9CDDE00B38101 /* LoginScreen.swift in Sources */ = {isa = PBXBuildFile; fileRef = DFB0BDC329E9CDDE00B38101 /* LoginScreen.swift */; };
/* End PBXBuildFile section */

/* Begin PBXFileReference section */
		DF628EDC29E5F2F200534733 /* AppBackFront.app */ = {isa = PBXFileReference; explicitFileType = wrapper.application; includeInIndex = 0; path = AppBackFront.app; sourceTree = BUILT_PRODUCTS_DIR; };
		DF628EDF29E5F2F200534733 /* AppDelegate.swift */ = {isa = PBXFileReference; lastKnownFileType = sourcecode.swift; path = AppDelegate.swift; sourceTree = "<group>"; };
		DF628EE129E5F2F200534733 /* SceneDelegate.swift */ = {isa = PBXFileReference; lastKnownFileType = sourcecode.swift; path = SceneDelegate.swift; sourceTree = "<group>"; };
		DF628EE329E5F2F200534733 /* LoginVC.swift */ = {isa = PBXFileReference; lastKnownFileType = sourcecode.swift; path = LoginVC.swift; sourceTree = "<group>"; };
		DF628EE829E5F2F400534733 /* Assets.xcassets */ = {isa = PBXFileReference; lastKnownFileType = folder.assetcatalog; path = Assets.xcassets; sourceTree = "<group>"; };
		DF628EEB29E5F2F400534733 /* Base */ = {isa = PBXFileReference; lastKnownFileType = file.storyboard; name = Base; path = Base.lproj/LaunchScreen.storyboard; sourceTree = "<group>"; };
		DF628EED29E5F2F400534733 /* Info.plist */ = {isa = PBXFileReference; lastKnownFileType = text.plist.xml; path = Info.plist; sourceTree = "<group>"; };
		DF9BD10C2A00602400FD9299 /* GoogleService-Info.plist */ = {isa = PBXFileReference; fileEncoding = 4; lastKnownFileType = text.plist.xml; path = "GoogleService-Info.plist"; sourceTree = "<group>"; };
		DF9BD1152A007E8A00FD9299 /* UIViewController+Extension.swift */ = {isa = PBXFileReference; lastKnownFileType = sourcecode.swift; path = "UIViewController+Extension.swift"; sourceTree = "<group>"; };
		DF9BD1172A00848F00FD9299 /* String+Extension.swift */ = {isa = PBXFileReference; lastKnownFileType = sourcecode.swift; path = "String+Extension.swift"; sourceTree = "<group>"; };
		DFA7E0122A01D433003B2EEC /* AlertController.swift */ = {isa = PBXFileReference; lastKnownFileType = sourcecode.swift; path = AlertController.swift; sourceTree = "<group>"; };
		DFB0BDC329E9CDDE00B38101 /* LoginScreen.swift */ = {isa = PBXFileReference; lastKnownFileType = sourcecode.swift; path = LoginScreen.swift; sourceTree = "<group>"; };
/* End PBXFileReference section */

/* Begin PBXFrameworksBuildPhase section */
		DF628ED929E5F2F200534733 /* Frameworks */ = {
			isa = PBXFrameworksBuildPhase;
			buildActionMask = 2147483647;
			files = (
				DF9BD1102A0061EA00FD9299 /* FirebaseAuth in Frameworks */,
				DF9BD1122A0061EA00FD9299 /* FirebaseCrashlytics in Frameworks */,
			);
			runOnlyForDeploymentPostprocessing = 0;
		};
/* End PBXFrameworksBuildPhase section */

/* Begin PBXGroup section */
		DF628ED329E5F2F200534733 = {
			isa = PBXGroup;
			children = (
				DF628EDE29E5F2F200534733 /* AppBackFront */,
				DF628EDD29E5F2F200534733 /* Products */,
			);
			sourceTree = "<group>";
		};
		DF628EDD29E5F2F200534733 /* Products */ = {
			isa = PBXGroup;
			children = (
				DF628EDC29E5F2F200534733 /* AppBackFront.app */,
			);
			name = Products;
			sourceTree = "<group>";
		};
		DF628EDE29E5F2F200534733 /* AppBackFront */ = {
			isa = PBXGroup;
			children = (
				DFA7E0112A01D419003B2EEC /* Alert */,
				DF9BD1132A007E0F00FD9299 /* Utils */,
				DF9BD10A2A005C2900FD9299 /* Login */,
				DF628EDF29E5F2F200534733 /* AppDelegate.swift */,
				DF628EE129E5F2F200534733 /* SceneDelegate.swift */,
				DF628EE829E5F2F400534733 /* Assets.xcassets */,
				DF628EEA29E5F2F400534733 /* LaunchScreen.storyboard */,
				DF9BD10C2A00602400FD9299 /* GoogleService-Info.plist */,
				DF628EED29E5F2F400534733 /* Info.plist */,
			);
			path = AppBackFront;
			sourceTree = "<group>";
		};
		DF9BD10A2A005C2900FD9299 /* Login */ = {
			isa = PBXGroup;
			children = (
				DF9BD10B2A005C3000FD9299 /* Screen */,
				DF628EE329E5F2F200534733 /* LoginVC.swift */,
			);
			path = Login;
			sourceTree = "<group>";
		};
		DF9BD10B2A005C3000FD9299 /* Screen */ = {
			isa = PBXGroup;
			children = (
				DFB0BDC329E9CDDE00B38101 /* LoginScreen.swift */,
			);
			path = Screen;
			sourceTree = "<group>";
		};
		DF9BD1132A007E0F00FD9299 /* Utils */ = {
			isa = PBXGroup;
			children = (
				DF9BD1142A007E1C00FD9299 /* Extension */,
			);
			path = Utils;
			sourceTree = "<group>";
		};
		DF9BD1142A007E1C00FD9299 /* Extension */ = {
			isa = PBXGroup;
			children = (
				DF9BD1152A007E8A00FD9299 /* UIViewController+Extension.swift */,
				DF9BD1172A00848F00FD9299 /* String+Extension.swift */,
			);
			path = Extension;
			sourceTree = "<group>";
		};
		DFA7E0112A01D419003B2EEC /* Alert */ = {
			isa = PBXGroup;
			children = (
				DFA7E0122A01D433003B2EEC /* AlertController.swift */,
			);
			path = Alert;
			sourceTree = "<group>";
		};
/* End PBXGroup section */

/* Begin PBXNativeTarget section */
		DF628EDB29E5F2F200534733 /* AppBackFront */ = {
			isa = PBXNativeTarget;
			buildConfigurationList = DF628EF029E5F2F400534733 /* Build configuration list for PBXNativeTarget "AppBackFront" */;
			buildPhases = (
				DF628ED829E5F2F200534733 /* Sources */,
				DF628ED929E5F2F200534733 /* Frameworks */,
				DF628EDA29E5F2F200534733 /* Resources */,
			);
			buildRules = (
			);
			dependencies = (
			);
			name = AppBackFront;
			packageProductDependencies = (
				DF9BD10F2A0061EA00FD9299 /* FirebaseAuth */,
				DF9BD1112A0061EA00FD9299 /* FirebaseCrashlytics */,
			);
			productName = AppBackFront;
			productReference = DF628EDC29E5F2F200534733 /* AppBackFront.app */;
			productType = "com.apple.product-type.application";
		};
/* End PBXNativeTarget section */

/* Begin PBXProject section */
		DF628ED429E5F2F200534733 /* Project object */ = {
			isa = PBXProject;
			attributes = {
				BuildIndependentTargetsInParallel = 1;
				LastSwiftUpdateCheck = 1430;
				LastUpgradeCheck = 1430;
				TargetAttributes = {
					DF628EDB29E5F2F200534733 = {
						CreatedOnToolsVersion = 14.3;
					};
				};
			};
			buildConfigurationList = DF628ED729E5F2F200534733 /* Build configuration list for PBXProject "AppBackFront" */;
			compatibilityVersion = "Xcode 14.0";
			developmentRegion = en;
			hasScannedForEncodings = 0;
			knownRegions = (
				en,
				Base,
			);
			mainGroup = DF628ED329E5F2F200534733;
			packageReferences = (
				DF9BD10E2A0061EA00FD9299 /* XCRemoteSwiftPackageReference "firebase-ios-sdk" */,
			);
			productRefGroup = DF628EDD29E5F2F200534733 /* Products */;
			projectDirPath = "";
			projectRoot = "";
			targets = (
				DF628EDB29E5F2F200534733 /* AppBackFront */,
			);
		};
/* End PBXProject section */

/* Begin PBXResourcesBuildPhase section */
		DF628EDA29E5F2F200534733 /* Resources */ = {
			isa = PBXResourcesBuildPhase;
			buildActionMask = 2147483647;
			files = (
				DF628EEC29E5F2F400534733 /* LaunchScreen.storyboard in Resources */,
				DF9BD10D2A00602400FD9299 /* GoogleService-Info.plist in Resources */,
				DF628EE929E5F2F400534733 /* Assets.xcassets in Resources */,
			);
			runOnlyForDeploymentPostprocessing = 0;
		};
/* End PBXResourcesBuildPhase section */

/* Begin PBXSourcesBuildPhase section */
		DF628ED829E5F2F200534733 /* Sources */ = {
			isa = PBXSourcesBuildPhase;
			buildActionMask = 2147483647;
			files = (
				DF628EE429E5F2F200534733 /* LoginVC.swift in Sources */,
				DFB0BDC429E9CDDE00B38101 /* LoginScreen.swift in Sources */,
				DF628EE029E5F2F200534733 /* AppDelegate.swift in Sources */,
				DF9BD1162A007E8A00FD9299 /* UIViewController+Extension.swift in Sources */,
				DFA7E0132A01D433003B2EEC /* AlertController.swift in Sources */,
				DF9BD1182A00848F00FD9299 /* String+Extension.swift in Sources */,
				DF628EE229E5F2F200534733 /* SceneDelegate.swift in Sources */,
			);
			runOnlyForDeploymentPostprocessing = 0;
		};
/* End PBXSourcesBuildPhase section */

/* Begin PBXVariantGroup section */
		DF628EEA29E5F2F400534733 /* LaunchScreen.storyboard */ = {
			isa = PBXVariantGroup;
			children = (
				DF628EEB29E5F2F400534733 /* Base */,
			);
			name = LaunchScreen.storyboard;
			sourceTree = "<group>";
		};
/* End PBXVariantGroup section */

/* Begin XCBuildConfiguration section */
		DF628EEE29E5F2F400534733 /* Debug */ = {
			isa = XCBuildConfiguration;
			buildSettings = {
				ALWAYS_SEARCH_USER_PATHS = NO;
				CLANG_ANALYZER_NONNULL = YES;
				CLANG_ANALYZER_NUMBER_OBJECT_CONVERSION = YES_AGGRESSIVE;
				CLANG_CXX_LANGUAGE_STANDARD = "gnu++20";
				CLANG_ENABLE_MODULES = YES;
				CLANG_ENABLE_OBJC_ARC = YES;
				CLANG_ENABLE_OBJC_WEAK = YES;
				CLANG_WARN_BLOCK_CAPTURE_AUTORELEASING = YES;
				CLANG_WARN_BOOL_CONVERSION = YES;
				CLANG_WARN_COMMA = YES;
				CLANG_WARN_CONSTANT_CONVERSION = YES;
				CLANG_WARN_DEPRECATED_OBJC_IMPLEMENTATIONS = YES;
				CLANG_WARN_DIRECT_OBJC_ISA_USAGE = YES_ERROR;
				CLANG_WARN_DOCUMENTATION_COMMENTS = YES;
				CLANG_WARN_EMPTY_BODY = YES;
				CLANG_WARN_ENUM_CONVERSION = YES;
				CLANG_WARN_INFINITE_RECURSION = YES;
				CLANG_WARN_INT_CONVERSION = YES;
				CLANG_WARN_NON_LITERAL_NULL_CONVERSION = YES;
				CLANG_WARN_OBJC_IMPLICIT_RETAIN_SELF = YES;
				CLANG_WARN_OBJC_LITERAL_CONVERSION = YES;
				CLANG_WARN_OBJC_ROOT_CLASS = YES_ERROR;
				CLANG_WARN_QUOTED_INCLUDE_IN_FRAMEWORK_HEADER = YES;
				CLANG_WARN_RANGE_LOOP_ANALYSIS = YES;
				CLANG_WARN_STRICT_PROTOTYPES = YES;
				CLANG_WARN_SUSPICIOUS_MOVE = YES;
				CLANG_WARN_UNGUARDED_AVAILABILITY = YES_AGGRESSIVE;
				CLANG_WARN_UNREACHABLE_CODE = YES;
				CLANG_WARN__DUPLICATE_METHOD_MATCH = YES;
				COPY_PHASE_STRIP = NO;
				DEBUG_INFORMATION_FORMAT = dwarf;
				ENABLE_STRICT_OBJC_MSGSEND = YES;
				ENABLE_TESTABILITY = YES;
				GCC_C_LANGUAGE_STANDARD = gnu11;
				GCC_DYNAMIC_NO_PIC = NO;
				GCC_NO_COMMON_BLOCKS = YES;
				GCC_OPTIMIZATION_LEVEL = 0;
				GCC_PREPROCESSOR_DEFINITIONS = (
					"DEBUG=1",
					"$(inherited)",
				);
				GCC_WARN_64_TO_32_BIT_CONVERSION = YES;
				GCC_WARN_ABOUT_RETURN_TYPE = YES_ERROR;
				GCC_WARN_UNDECLARED_SELECTOR = YES;
				GCC_WARN_UNINITIALIZED_AUTOS = YES_AGGRESSIVE;
				GCC_WARN_UNUSED_FUNCTION = YES;
				GCC_WARN_UNUSED_VARIABLE = YES;
				IPHONEOS_DEPLOYMENT_TARGET = 16.4;
				MTL_ENABLE_DEBUG_INFO = INCLUDE_SOURCE;
				MTL_FAST_MATH = YES;
				ONLY_ACTIVE_ARCH = YES;
				SDKROOT = iphoneos;
				SWIFT_ACTIVE_COMPILATION_CONDITIONS = DEBUG;
				SWIFT_OPTIMIZATION_LEVEL = "-Onone";
			};
			name = Debug;
		};
		DF628EEF29E5F2F400534733 /* Release */ = {
			isa = XCBuildConfiguration;
			buildSettings = {
				ALWAYS_SEARCH_USER_PATHS = NO;
				CLANG_ANALYZER_NONNULL = YES;
				CLANG_ANALYZER_NUMBER_OBJECT_CONVERSION = YES_AGGRESSIVE;
				CLANG_CXX_LANGUAGE_STANDARD = "gnu++20";
				CLANG_ENABLE_MODULES = YES;
				CLANG_ENABLE_OBJC_ARC = YES;
				CLANG_ENABLE_OBJC_WEAK = YES;
				CLANG_WARN_BLOCK_CAPTURE_AUTORELEASING = YES;
				CLANG_WARN_BOOL_CONVERSION = YES;
				CLANG_WARN_COMMA = YES;
				CLANG_WARN_CONSTANT_CONVERSION = YES;
				CLANG_WARN_DEPRECATED_OBJC_IMPLEMENTATIONS = YES;
				CLANG_WARN_DIRECT_OBJC_ISA_USAGE = YES_ERROR;
				CLANG_WARN_DOCUMENTATION_COMMENTS = YES;
				CLANG_WARN_EMPTY_BODY = YES;
				CLANG_WARN_ENUM_CONVERSION = YES;
				CLANG_WARN_INFINITE_RECURSION = YES;
				CLANG_WARN_INT_CONVERSION = YES;
				CLANG_WARN_NON_LITERAL_NULL_CONVERSION = YES;
				CLANG_WARN_OBJC_IMPLICIT_RETAIN_SELF = YES;
				CLANG_WARN_OBJC_LITERAL_CONVERSION = YES;
				CLANG_WARN_OBJC_ROOT_CLASS = YES_ERROR;
				CLANG_WARN_QUOTED_INCLUDE_IN_FRAMEWORK_HEADER = YES;
				CLANG_WARN_RANGE_LOOP_ANALYSIS = YES;
				CLANG_WARN_STRICT_PROTOTYPES = YES;
				CLANG_WARN_SUSPICIOUS_MOVE = YES;
				CLANG_WARN_UNGUARDED_AVAILABILITY = YES_AGGRESSIVE;
				CLANG_WARN_UNREACHABLE_CODE = YES;
				CLANG_WARN__DUPLICATE_METHOD_MATCH = YES;
				COPY_PHASE_STRIP = NO;
				DEBUG_INFORMATION_FORMAT = "dwarf-with-dsym";
				ENABLE_NS_ASSERTIONS = NO;
				ENABLE_STRICT_OBJC_MSGSEND = YES;
				GCC_C_LANGUAGE_STANDARD = gnu11;
				GCC_NO_COMMON_BLOCKS = YES;
				GCC_WARN_64_TO_32_BIT_CONVERSION = YES;
				GCC_WARN_ABOUT_RETURN_TYPE = YES_ERROR;
				GCC_WARN_UNDECLARED_SELECTOR = YES;
				GCC_WARN_UNINITIALIZED_AUTOS = YES_AGGRESSIVE;
				GCC_WARN_UNUSED_FUNCTION = YES;
				GCC_WARN_UNUSED_VARIABLE = YES;
				IPHONEOS_DEPLOYMENT_TARGET = 16.4;
				MTL_ENABLE_DEBUG_INFO = NO;
				MTL_FAST_MATH = YES;
				SDKROOT = iphoneos;
				SWIFT_COMPILATION_MODE = wholemodule;
				SWIFT_OPTIMIZATION_LEVEL = "-O";
				VALIDATE_PRODUCT = YES;
			};
			name = Release;
		};
		DF628EF129E5F2F400534733 /* Debug */ = {
			isa = XCBuildConfiguration;
			buildSettings = {
				ASSETCATALOG_COMPILER_APPICON_NAME = AppIcon;
				ASSETCATALOG_COMPILER_GLOBAL_ACCENT_COLOR_NAME = AccentColor;
				CODE_SIGN_STYLE = Automatic;
				CURRENT_PROJECT_VERSION = 1;
				DEVELOPMENT_TEAM = PSGAFXG57G;
				GENERATE_INFOPLIST_FILE = YES;
				INFOPLIST_FILE = AppBackFront/Info.plist;
				INFOPLIST_KEY_UIApplicationSupportsIndirectInputEvents = YES;
				INFOPLIST_KEY_UILaunchStoryboardName = LaunchScreen;
				INFOPLIST_KEY_UIMainStoryboardFile = "";
				INFOPLIST_KEY_UISupportedInterfaceOrientations_iPad = "UIInterfaceOrientationPortrait UIInterfaceOrientationPortraitUpsideDown UIInterfaceOrientationLandscapeLeft UIInterfaceOrientationLandscapeRight";
				INFOPLIST_KEY_UISupportedInterfaceOrientations_iPhone = "UIInterfaceOrientationPortrait UIInterfaceOrientationLandscapeLeft UIInterfaceOrientationLandscapeRight";
				LD_RUNPATH_SEARCH_PATHS = (
					"$(inherited)",
					"@executable_path/Frameworks",
				);
				MARKETING_VERSION = 1.0;
				PRODUCT_BUNDLE_IDENTIFIER = br.com.haroldo.AppBackFront;
				PRODUCT_NAME = "$(TARGET_NAME)";
				SUPPORTED_PLATFORMS = "iphoneos iphonesimulator";
				SUPPORTS_MACCATALYST = NO;
				SUPPORTS_MAC_DESIGNED_FOR_IPHONE_IPAD = NO;
				SWIFT_EMIT_LOC_STRINGS = YES;
				SWIFT_VERSION = 5.0;
				TARGETED_DEVICE_FAMILY = 1;
			};
			name = Debug;
		};
		DF628EF229E5F2F400534733 /* Release */ = {
			isa = XCBuildConfiguration;
			buildSettings = {
				ASSETCATALOG_COMPILER_APPICON_NAME = AppIcon;
				ASSETCATALOG_COMPILER_GLOBAL_ACCENT_COLOR_NAME = AccentColor;
				CODE_SIGN_STYLE = Automatic;
				CURRENT_PROJECT_VERSION = 1;
				DEVELOPMENT_TEAM = PSGAFXG57G;
				GENERATE_INFOPLIST_FILE = YES;
				INFOPLIST_FILE = AppBackFront/Info.plist;
				INFOPLIST_KEY_UIApplicationSupportsIndirectInputEvents = YES;
				INFOPLIST_KEY_UILaunchStoryboardName = LaunchScreen;
				INFOPLIST_KEY_UIMainStoryboardFile = "";
				INFOPLIST_KEY_UISupportedInterfaceOrientations_iPad = "UIInterfaceOrientationPortrait UIInterfaceOrientationPortraitUpsideDown UIInterfaceOrientationLandscapeLeft UIInterfaceOrientationLandscapeRight";
				INFOPLIST_KEY_UISupportedInterfaceOrientations_iPhone = "UIInterfaceOrientationPortrait UIInterfaceOrientationLandscapeLeft UIInterfaceOrientationLandscapeRight";
				LD_RUNPATH_SEARCH_PATHS = (
					"$(inherited)",
					"@executable_path/Frameworks",
				);
				MARKETING_VERSION = 1.0;
				PRODUCT_BUNDLE_IDENTIFIER = br.com.haroldo.AppBackFront;
				PRODUCT_NAME = "$(TARGET_NAME)";
				SUPPORTED_PLATFORMS = "iphoneos iphonesimulator";
				SUPPORTS_MACCATALYST = NO;
				SUPPORTS_MAC_DESIGNED_FOR_IPHONE_IPAD = NO;
				SWIFT_EMIT_LOC_STRINGS = YES;
				SWIFT_VERSION = 5.0;
				TARGETED_DEVICE_FAMILY = 1;
			};
			name = Release;
		};
/* End XCBuildConfiguration section */

/* Begin XCConfigurationList section */
		DF628ED729E5F2F200534733 /* Build configuration list for PBXProject "AppBackFront" */ = {
			isa = XCConfigurationList;
			buildConfigurations = (
				DF628EEE29E5F2F400534733 /* Debug */,
				DF628EEF29E5F2F400534733 /* Release */,
			);
			defaultConfigurationIsVisible = 0;
			defaultConfigurationName = Release;
		};
		DF628EF029E5F2F400534733 /* Build configuration list for PBXNativeTarget "AppBackFront" */ = {
			isa = XCConfigurationList;
			buildConfigurations = (
				DF628EF129E5F2F400534733 /* Debug */,
				DF628EF229E5F2F400534733 /* Release */,
			);
			defaultConfigurationIsVisible = 0;
			defaultConfigurationName = Release;
		};
/* End XCConfigurationList section */

/* Begin XCRemoteSwiftPackageReference section */
		DF9BD10E2A0061EA00FD9299 /* XCRemoteSwiftPackageReference "firebase-ios-sdk" */ = {
			isa = XCRemoteSwiftPackageReference;
			repositoryURL = "https://github.com/firebase/firebase-ios-sdk";
			requirement = {
				kind = upToNextMajorVersion;
				minimumVersion = 10.0.0;
			};
		};
/* End XCRemoteSwiftPackageReference section */

/* Begin XCSwiftPackageProductDependency section */
		DF9BD10F2A0061EA00FD9299 /* FirebaseAuth */ = {
			isa = XCSwiftPackageProductDependency;
			package = DF9BD10E2A0061EA00FD9299 /* XCRemoteSwiftPackageReference "firebase-ios-sdk" */;
			productName = FirebaseAuth;
		};
		DF9BD1112A0061EA00FD9299 /* FirebaseCrashlytics */ = {
			isa = XCSwiftPackageProductDependency;
			package = DF9BD10E2A0061EA00FD9299 /* XCRemoteSwiftPackageReference "firebase-ios-sdk" */;
			productName = FirebaseCrashlytics;
		};
/* End XCSwiftPackageProductDependency section */
	};
	rootObject = DF628ED429E5F2F200534733 /* Project object */;
}
